// !$*UTF8*$!
{
	archiveVersion = 1;
	classes = {
	};
	objectVersion = 46;
	objects = {

/* Begin PBXBuildFile section */
		EA69F2B51F72B4DB004DE3FD /* AppDelegate.swift in Sources */ = {isa = PBXBuildFile; fileRef = EA69F2B41F72B4DB004DE3FD /* AppDelegate.swift */; };
		EA69F2B71F72B4DB004DE3FD /* ViewController.swift in Sources */ = {isa = PBXBuildFile; fileRef = EA69F2B61F72B4DB004DE3FD /* ViewController.swift */; };
		EA69F2BA1F72B4DB004DE3FD /* Main.storyboard in Resources */ = {isa = PBXBuildFile; fileRef = EA69F2B81F72B4DB004DE3FD /* Main.storyboard */; };
		EA69F2BC1F72B4DB004DE3FD /* Assets.xcassets in Resources */ = {isa = PBXBuildFile; fileRef = EA69F2BB1F72B4DB004DE3FD /* Assets.xcassets */; };
		EA69F2BF1F72B4DB004DE3FD /* LaunchScreen.storyboard in Resources */ = {isa = PBXBuildFile; fileRef = EA69F2BD1F72B4DB004DE3FD /* LaunchScreen.storyboard */; };
		EA69F2D21F72CD59004DE3FD /* Credentials.swift in Sources */ = {isa = PBXBuildFile; fileRef = EA69F2D11F72CD59004DE3FD /* Credentials.swift */; };
		EA69F2D41F72CFD2004DE3FD /* CallInfoViewController.swift in Sources */ = {isa = PBXBuildFile; fileRef = EA69F2D31F72CFD2004DE3FD /* CallInfoViewController.swift */; };
		EA69F2E31F730564004DE3FD /* Alamofire.framework in Frameworks */ = {isa = PBXBuildFile; fileRef = EA69F2DE1F730564004DE3FD /* Alamofire.framework */; };
		EA69F2E41F730564004DE3FD /* Alamofire.framework in Embed Frameworks */ = {isa = PBXBuildFile; fileRef = EA69F2DE1F730564004DE3FD /* Alamofire.framework */; settings = {ATTRIBUTES = (CodeSignOnCopy, RemoveHeadersOnCopy, ); }; };
		EA69F2E51F730564004DE3FD /* CryptoSwift.framework in Frameworks */ = {isa = PBXBuildFile; fileRef = EA69F2DF1F730564004DE3FD /* CryptoSwift.framework */; };
		EA69F2E61F730564004DE3FD /* CryptoSwift.framework in Embed Frameworks */ = {isa = PBXBuildFile; fileRef = EA69F2DF1F730564004DE3FD /* CryptoSwift.framework */; settings = {ATTRIBUTES = (CodeSignOnCopy, RemoveHeadersOnCopy, ); }; };
		EA69F2E71F730564004DE3FD /* ObjectMapper.framework in Frameworks */ = {isa = PBXBuildFile; fileRef = EA69F2E01F730564004DE3FD /* ObjectMapper.framework */; };
		EA69F2E81F730564004DE3FD /* ObjectMapper.framework in Embed Frameworks */ = {isa = PBXBuildFile; fileRef = EA69F2E01F730564004DE3FD /* ObjectMapper.framework */; settings = {ATTRIBUTES = (CodeSignOnCopy, RemoveHeadersOnCopy, ); }; };
		EA69F2E91F730564004DE3FD /* PubNub.framework in Frameworks */ = {isa = PBXBuildFile; fileRef = EA69F2E11F730564004DE3FD /* PubNub.framework */; };
		EA69F2EA1F730564004DE3FD /* PubNub.framework in Embed Frameworks */ = {isa = PBXBuildFile; fileRef = EA69F2E11F730564004DE3FD /* PubNub.framework */; settings = {ATTRIBUTES = (CodeSignOnCopy, RemoveHeadersOnCopy, ); }; };
		EA69F2EB1F730564004DE3FD /* RingCentral.framework in Frameworks */ = {isa = PBXBuildFile; fileRef = EA69F2E21F730564004DE3FD /* RingCentral.framework */; };
		EA69F2EC1F730564004DE3FD /* RingCentral.framework in Embed Frameworks */ = {isa = PBXBuildFile; fileRef = EA69F2E21F730564004DE3FD /* RingCentral.framework */; settings = {ATTRIBUTES = (CodeSignOnCopy, RemoveHeadersOnCopy, ); }; };
/* End PBXBuildFile section */

/* Begin PBXCopyFilesBuildPhase section */
		EA69F2ED1F730564004DE3FD /* Embed Frameworks */ = {
			isa = PBXCopyFilesBuildPhase;
			buildActionMask = 2147483647;
			dstPath = "";
			dstSubfolderSpec = 10;
			files = (
				EA69F2EA1F730564004DE3FD /* PubNub.framework in Embed Frameworks */,
				EA69F2EC1F730564004DE3FD /* RingCentral.framework in Embed Frameworks */,
				EA69F2E81F730564004DE3FD /* ObjectMapper.framework in Embed Frameworks */,
				EA69F2E41F730564004DE3FD /* Alamofire.framework in Embed Frameworks */,
				EA69F2E61F730564004DE3FD /* CryptoSwift.framework in Embed Frameworks */,
			);
			name = "Embed Frameworks";
			runOnlyForDeploymentPostprocessing = 0;
		};
/* End PBXCopyFilesBuildPhase section */

/* Begin PBXFileReference section */
		EA69F2B11F72B4DB004DE3FD /* Call Analytics.app */ = {isa = PBXFileReference; explicitFileType = wrapper.application; includeInIndex = 0; path = "Call Analytics.app"; sourceTree = BUILT_PRODUCTS_DIR; };
		EA69F2B41F72B4DB004DE3FD /* AppDelegate.swift */ = {isa = PBXFileReference; lastKnownFileType = sourcecode.swift; path = AppDelegate.swift; sourceTree = "<group>"; };
		EA69F2B61F72B4DB004DE3FD /* ViewController.swift */ = {isa = PBXFileReference; lastKnownFileType = sourcecode.swift; path = ViewController.swift; sourceTree = "<group>"; };
		EA69F2B91F72B4DB004DE3FD /* Base */ = {isa = PBXFileReference; lastKnownFileType = file.storyboard; name = Base; path = Base.lproj/Main.storyboard; sourceTree = "<group>"; };
		EA69F2BB1F72B4DB004DE3FD /* Assets.xcassets */ = {isa = PBXFileReference; lastKnownFileType = folder.assetcatalog; path = Assets.xcassets; sourceTree = "<group>"; };
		EA69F2BE1F72B4DB004DE3FD /* Base */ = {isa = PBXFileReference; lastKnownFileType = file.storyboard; name = Base; path = Base.lproj/LaunchScreen.storyboard; sourceTree = "<group>"; };
		EA69F2C01F72B4DB004DE3FD /* Info.plist */ = {isa = PBXFileReference; lastKnownFileType = text.plist.xml; path = Info.plist; sourceTree = "<group>"; };
		EA69F2D11F72CD59004DE3FD /* Credentials.swift */ = {isa = PBXFileReference; fileEncoding = 4; lastKnownFileType = sourcecode.swift; path = Credentials.swift; sourceTree = "<group>"; };
		EA69F2D31F72CFD2004DE3FD /* CallInfoViewController.swift */ = {isa = PBXFileReference; fileEncoding = 4; lastKnownFileType = sourcecode.swift; path = CallInfoViewController.swift; sourceTree = "<group>"; };
		EA69F2DE1F730564004DE3FD /* Alamofire.framework */ = {isa = PBXFileReference; lastKnownFileType = wrapper.framework; name = Alamofire.framework; path = Carthage/Build/iOS/Alamofire.framework; sourceTree = "<group>"; };
		EA69F2DF1F730564004DE3FD /* CryptoSwift.framework */ = {isa = PBXFileReference; lastKnownFileType = wrapper.framework; name = CryptoSwift.framework; path = Carthage/Build/iOS/CryptoSwift.framework; sourceTree = "<group>"; };
		EA69F2E01F730564004DE3FD /* ObjectMapper.framework */ = {isa = PBXFileReference; lastKnownFileType = wrapper.framework; name = ObjectMapper.framework; path = Carthage/Build/iOS/ObjectMapper.framework; sourceTree = "<group>"; };
		EA69F2E11F730564004DE3FD /* PubNub.framework */ = {isa = PBXFileReference; lastKnownFileType = wrapper.framework; name = PubNub.framework; path = Carthage/Build/iOS/PubNub.framework; sourceTree = "<group>"; };
		EA69F2E21F730564004DE3FD /* RingCentral.framework */ = {isa = PBXFileReference; lastKnownFileType = wrapper.framework; name = RingCentral.framework; path = Carthage/Build/iOS/RingCentral.framework; sourceTree = "<group>"; };
/* End PBXFileReference section */

/* Begin PBXFrameworksBuildPhase section */
		EA69F2AE1F72B4DB004DE3FD /* Frameworks */ = {
			isa = PBXFrameworksBuildPhase;
			buildActionMask = 2147483647;
			files = (
				EA69F2E91F730564004DE3FD /* PubNub.framework in Frameworks */,
				EA69F2EB1F730564004DE3FD /* RingCentral.framework in Frameworks */,
				EA69F2E71F730564004DE3FD /* ObjectMapper.framework in Frameworks */,
				EA69F2E31F730564004DE3FD /* Alamofire.framework in Frameworks */,
				EA69F2E51F730564004DE3FD /* CryptoSwift.framework in Frameworks */,
			);
			runOnlyForDeploymentPostprocessing = 0;
		};
/* End PBXFrameworksBuildPhase section */

/* Begin PBXGroup section */
		EA69F2A81F72B4DB004DE3FD = {
			isa = PBXGroup;
			children = (
				EA69F2DE1F730564004DE3FD /* Alamofire.framework */,
				EA69F2DF1F730564004DE3FD /* CryptoSwift.framework */,
				EA69F2E01F730564004DE3FD /* ObjectMapper.framework */,
				EA69F2E11F730564004DE3FD /* PubNub.framework */,
				EA69F2E21F730564004DE3FD /* RingCentral.framework */,
				EA69F2B31F72B4DB004DE3FD /* Call Analytics */,
				EA69F2B21F72B4DB004DE3FD /* Products */,
			);
			sourceTree = "<group>";
		};
		EA69F2B21F72B4DB004DE3FD /* Products */ = {
			isa = PBXGroup;
			children = (
				EA69F2B11F72B4DB004DE3FD /* Call Analytics.app */,
			);
			name = Products;
			sourceTree = "<group>";
		};
		EA69F2B31F72B4DB004DE3FD /* Call Analytics */ = {
			isa = PBXGroup;
			children = (
				EA69F2B41F72B4DB004DE3FD /* AppDelegate.swift */,
				EA69F2B61F72B4DB004DE3FD /* ViewController.swift */,
				EA69F2B81F72B4DB004DE3FD /* Main.storyboard */,
				EA69F2BB1F72B4DB004DE3FD /* Assets.xcassets */,
				EA69F2BD1F72B4DB004DE3FD /* LaunchScreen.storyboard */,
				EA69F2C01F72B4DB004DE3FD /* Info.plist */,
				EA69F2D11F72CD59004DE3FD /* Credentials.swift */,
				EA69F2D31F72CFD2004DE3FD /* CallInfoViewController.swift */,
			);
			path = "Call Analytics";
			sourceTree = "<group>";
		};
/* End PBXGroup section */

/* Begin PBXNativeTarget section */
		EA69F2B01F72B4DB004DE3FD /* Call Analytics */ = {
			isa = PBXNativeTarget;
			buildConfigurationList = EA69F2C31F72B4DB004DE3FD /* Build configuration list for PBXNativeTarget "Call Analytics" */;
			buildPhases = (
				EA69F2AD1F72B4DB004DE3FD /* Sources */,
				EA69F2AE1F72B4DB004DE3FD /* Frameworks */,
				EA69F2AF1F72B4DB004DE3FD /* Resources */,
				EA69F2ED1F730564004DE3FD /* Embed Frameworks */,
			);
			buildRules = (
			);
			dependencies = (
			);
			name = "Call Analytics";
			productName = "Call Analytics";
			productReference = EA69F2B11F72B4DB004DE3FD /* Call Analytics.app */;
			productType = "com.apple.product-type.application";
		};
/* End PBXNativeTarget section */

/* Begin PBXProject section */
		EA69F2A91F72B4DB004DE3FD /* Project object */ = {
			isa = PBXProject;
			attributes = {
				LastSwiftUpdateCheck = 0830;
				LastUpgradeCheck = 0830;
				ORGANIZATIONNAME = "Phong Vu";
				TargetAttributes = {
					EA69F2B01F72B4DB004DE3FD = {
						CreatedOnToolsVersion = 8.3.2;
						DevelopmentTeam = JUGC3G98M6;
						ProvisioningStyle = Automatic;
					};
				};
			};
			buildConfigurationList = EA69F2AC1F72B4DB004DE3FD /* Build configuration list for PBXProject "Call Analytics" */;
			compatibilityVersion = "Xcode 3.2";
			developmentRegion = English;
			hasScannedForEncodings = 0;
			knownRegions = (
				en,
				Base,
			);
			mainGroup = EA69F2A81F72B4DB004DE3FD;
			productRefGroup = EA69F2B21F72B4DB004DE3FD /* Products */;
			projectDirPath = "";
			projectRoot = "";
			targets = (
				EA69F2B01F72B4DB004DE3FD /* Call Analytics */,
			);
		};
/* End PBXProject section */

/* Begin PBXResourcesBuildPhase section */
		EA69F2AF1F72B4DB004DE3FD /* Resources */ = {
			isa = PBXResourcesBuildPhase;
			buildActionMask = 2147483647;
			files = (
				EA69F2BF1F72B4DB004DE3FD /* LaunchScreen.storyboard in Resources */,
				EA69F2BC1F72B4DB004DE3FD /* Assets.xcassets in Resources */,
				EA69F2BA1F72B4DB004DE3FD /* Main.storyboard in Resources */,
			);
			runOnlyForDeploymentPostprocessing = 0;
		};
/* End PBXResourcesBuildPhase section */

/* Begin PBXSourcesBuildPhase section */
		EA69F2AD1F72B4DB004DE3FD /* Sources */ = {
			isa = PBXSourcesBuildPhase;
			buildActionMask = 2147483647;
			files = (
				EA69F2D21F72CD59004DE3FD /* Credentials.swift in Sources */,
				EA69F2B71F72B4DB004DE3FD /* ViewController.swift in Sources */,
				EA69F2D41F72CFD2004DE3FD /* CallInfoViewController.swift in Sources */,
				EA69F2B51F72B4DB004DE3FD /* AppDelegate.swift in Sources */,
			);
			runOnlyForDeploymentPostprocessing = 0;
		};
/* End PBXSourcesBuildPhase section */

/* Begin PBXVariantGroup section */
		EA69F2B81F72B4DB004DE3FD /* Main.storyboard */ = {
			isa = PBXVariantGroup;
			children = (
				EA69F2B91F72B4DB004DE3FD /* Base */,
			);
			name = Main.storyboard;
			sourceTree = "<group>";
		};
		EA69F2BD1F72B4DB004DE3FD /* LaunchScreen.storyboard */ = {
			isa = PBXVariantGroup;
			children = (
				EA69F2BE1F72B4DB004DE3FD /* Base */,
			);
			name = LaunchScreen.storyboard;
			sourceTree = "<group>";
		};
/* End PBXVariantGroup section */

/* Begin XCBuildConfiguration section */
		EA69F2C11F72B4DB004DE3FD /* Debug */ = {
			isa = XCBuildConfiguration;
			buildSettings = {
				ALWAYS_SEARCH_USER_PATHS = NO;
				CLANG_ANALYZER_NONNULL = YES;
				CLANG_ANALYZER_NUMBER_OBJECT_CONVERSION = YES_AGGRESSIVE;
				CLANG_CXX_LANGUAGE_STANDARD = "gnu++0x";
				CLANG_CXX_LIBRARY = "libc++";
				CLANG_ENABLE_MODULES = YES;
				CLANG_ENABLE_OBJC_ARC = YES;
				CLANG_WARN_BOOL_CONVERSION = YES;
				CLANG_WARN_CONSTANT_CONVERSION = YES;
				CLANG_WARN_DIRECT_OBJC_ISA_USAGE = YES_ERROR;
				CLANG_WARN_DOCUMENTATION_COMMENTS = YES;
				CLANG_WARN_EMPTY_BODY = YES;
				CLANG_WARN_ENUM_CONVERSION = YES;
				CLANG_WARN_INFINITE_RECURSION = YES;
				CLANG_WARN_INT_CONVERSION = YES;
				CLANG_WARN_OBJC_ROOT_CLASS = YES_ERROR;
				CLANG_WARN_SUSPICIOUS_MOVE = YES;
				CLANG_WARN_UNREACHABLE_CODE = YES;
				CLANG_WARN__DUPLICATE_METHOD_MATCH = YES;
				"CODE_SIGN_IDENTITY[sdk=iphoneos*]" = "iPhone Developer";
				COPY_PHASE_STRIP = NO;
				DEBUG_INFORMATION_FORMAT = dwarf;
				ENABLE_STRICT_OBJC_MSGSEND = YES;
				ENABLE_TESTABILITY = YES;
				GCC_C_LANGUAGE_STANDARD = gnu99;
				GCC_DYNAMIC_NO_PIC = NO;
				GCC_NO_COMMON_BLOCKS = YES;
				GCC_OPTIMIZATION_LEVEL = 0;
				GCC_PREPROCESSOR_DEFINITIONS = (
					"DEBUG=1",
					"$(inherited)",
				);
				GCC_WARN_64_TO_32_BIT_CONVERSION = YES;
				GCC_WARN_ABOUT_RETURN_TYPE = YES_ERROR;
				GCC_WARN_UNDECLARED_SELECTOR = YES;
				GCC_WARN_UNINITIALIZED_AUTOS = YES_AGGRESSIVE;
				GCC_WARN_UNUSED_FUNCTION = YES;
				GCC_WARN_UNUSED_VARIABLE = YES;
				IPHONEOS_DEPLOYMENT_TARGET = 10.3;
				MTL_ENABLE_DEBUG_INFO = YES;
				ONLY_ACTIVE_ARCH = YES;
				SDKROOT = iphoneos;
				SWIFT_ACTIVE_COMPILATION_CONDITIONS = DEBUG;
				SWIFT_OPTIMIZATION_LEVEL = "-Onone";
				TARGETED_DEVICE_FAMILY = "1,2";
			};
			name = Debug;
		};
		EA69F2C21F72B4DB004DE3FD /* Release */ = {
			isa = XCBuildConfiguration;
			buildSettings = {
				ALWAYS_SEARCH_USER_PATHS = NO;
				CLANG_ANALYZER_NONNULL = YES;
				CLANG_ANALYZER_NUMBER_OBJECT_CONVERSION = YES_AGGRESSIVE;
				CLANG_CXX_LANGUAGE_STANDARD = "gnu++0x";
				CLANG_CXX_LIBRARY = "libc++";
				CLANG_ENABLE_MODULES = YES;
				CLANG_ENABLE_OBJC_ARC = YES;
				CLANG_WARN_BOOL_CONVERSION = YES;
				CLANG_WARN_CONSTANT_CONVERSION = YES;
				CLANG_WARN_DIRECT_OBJC_ISA_USAGE = YES_ERROR;
				CLANG_WARN_DOCUMENTATION_COMMENTS = YES;
				CLANG_WARN_EMPTY_BODY = YES;
				CLANG_WARN_ENUM_CONVERSION = YES;
				CLANG_WARN_INFINITE_RECURSION = YES;
				CLANG_WARN_INT_CONVERSION = YES;
				CLANG_WARN_OBJC_ROOT_CLASS = YES_ERROR;
				CLANG_WARN_SUSPICIOUS_MOVE = YES;
				CLANG_WARN_UNREACHABLE_CODE = YES;
				CLANG_WARN__DUPLICATE_METHOD_MATCH = YES;
				"CODE_SIGN_IDENTITY[sdk=iphoneos*]" = "iPhone Developer";
				COPY_PHASE_STRIP = NO;
				DEBUG_INFORMATION_FORMAT = "dwarf-with-dsym";
				ENABLE_NS_ASSERTIONS = NO;
				ENABLE_STRICT_OBJC_MSGSEND = YES;
				GCC_C_LANGUAGE_STANDARD = gnu99;
				GCC_NO_COMMON_BLOCKS = YES;
				GCC_WARN_64_TO_32_BIT_CONVERSION = YES;
				GCC_WARN_ABOUT_RETURN_TYPE = YES_ERROR;
				GCC_WARN_UNDECLARED_SELECTOR = YES;
				GCC_WARN_UNINITIALIZED_AUTOS = YES_AGGRESSIVE;
				GCC_WARN_UNUSED_FUNCTION = YES;
				GCC_WARN_UNUSED_VARIABLE = YES;
				IPHONEOS_DEPLOYMENT_TARGET = 10.3;
				MTL_ENABLE_DEBUG_INFO = NO;
				SDKROOT = iphoneos;
				SWIFT_OPTIMIZATION_LEVEL = "-Owholemodule";
				TARGETED_DEVICE_FAMILY = "1,2";
				VALIDATE_PRODUCT = YES;
			};
			name = Release;
		};
		EA69F2C41F72B4DB004DE3FD /* Debug */ = {
			isa = XCBuildConfiguration;
			buildSettings = {
				ASSETCATALOG_COMPILER_APPICON_NAME = AppIcon;
				DEVELOPMENT_TEAM = JUGC3G98M6;
				FRAMEWORK_SEARCH_PATHS = (
					"$(inherited)",
					"$(PROJECT_DIR)/Carthage/Build/iOS",
				);
				INFOPLIST_FILE = "Call Analytics/Info.plist";
				LD_RUNPATH_SEARCH_PATHS = "$(inherited) @executable_path/Frameworks";
				PRODUCT_BUNDLE_IDENTIFIER = "com.pacovu.Call-Analytics";
				PRODUCT_NAME = "$(TARGET_NAME)";
				SWIFT_VERSION = 3.0;
			};
			name = Debug;
		};
		EA69F2C51F72B4DB004DE3FD /* Release */ = {
			isa = XCBuildConfiguration;
			buildSettings = {
				ASSETCATALOG_COMPILER_APPICON_NAME = AppIcon;
				DEVELOPMENT_TEAM = JUGC3G98M6;
				FRAMEWORK_SEARCH_PATHS = (
					"$(inherited)",
					"$(PROJECT_DIR)/Carthage/Build/iOS",
				);
				INFOPLIST_FILE = "Call Analytics/Info.plist";
				LD_RUNPATH_SEARCH_PATHS = "$(inherited) @executable_path/Frameworks";
				PRODUCT_BUNDLE_IDENTIFIER = "com.pacovu.Call-Analytics";
				PRODUCT_NAME = "$(TARGET_NAME)";
				SWIFT_VERSION = 3.0;
			};
			name = Release;
		};
/* End XCBuildConfiguration section */

/* Begin XCConfigurationList section */
		EA69F2AC1F72B4DB004DE3FD /* Build configuration list for PBXProject "Call Analytics" */ = {
			isa = XCConfigurationList;
			buildConfigurations = (
				EA69F2C11F72B4DB004DE3FD /* Debug */,
				EA69F2C21F72B4DB004DE3FD /* Release */,
			);
			defaultConfigurationIsVisible = 0;
			defaultConfigurationName = Release;
		};
		EA69F2C31F72B4DB004DE3FD /* Build configuration list for PBXNativeTarget "Call Analytics" */ = {
			isa = XCConfigurationList;
			buildConfigurations = (
				EA69F2C41F72B4DB004DE3FD /* Debug */,
				EA69F2C51F72B4DB004DE3FD /* Release */,
			);
			defaultConfigurationIsVisible = 0;
		};
/* End XCConfigurationList section */
	};
	rootObject = EA69F2A91F72B4DB004DE3FD /* Project object */;
}
